{
  "name": "test-backend-starter",
  "version": "0.0.0",
  "lockfileVersion": 1,
  "requires": true,
  "dependencies": {
    "@prisma/client": {
      "version": "2.18.0",
      "resolved": "https://registry.npmjs.org/@prisma/client/-/client-2.18.0.tgz",
      "integrity": "sha512-tRu0bdYNKIdWnFIbtgUmZyPgtDLV3AgwO8NYXirlbSn5poygbSaV87UfOBh1NmrvjS9EBP5dQv+bs62sVB84hA==",
      "requires": {
        "@prisma/engines-version": "2.18.0-34.da6fafb57b24e0b61ca20960c64e2d41f9e8cff1"
      }
    },
    "@prisma/engines": {
      "version": "2.18.0-34.da6fafb57b24e0b61ca20960c64e2d41f9e8cff1",
      "resolved": "https://registry.npmjs.org/@prisma/engines/-/engines-2.18.0-34.da6fafb57b24e0b61ca20960c64e2d41f9e8cff1.tgz",
      "integrity": "sha512-Q5q5mQePRFSSGbd/14Ogq1RNkebbbwskiTbWsvrSq14t9Us0rC9Xsecd4mr4rEAy8Yd6sXEJW4czZ/88DGzz2w==",
      "dev": true
    },
    "@prisma/engines-version": {
      "version": "2.18.0-34.da6fafb57b24e0b61ca20960c64e2d41f9e8cff1",
      "resolved": "https://registry.npmjs.org/@prisma/engines-version/-/engines-version-2.18.0-34.da6fafb57b24e0b61ca20960c64e2d41f9e8cff1.tgz",
      "integrity": "sha512-+Eljsb1XItfq9B6vRTA1Oe4CQOGAxbsjtPAIORZwaU4Gt9RybnXapFlrQ8Mac89PXeSgcO4RnPSLEYhcd3kSVg=="
    },
    "prisma": {
      "version": "2.18.0",
      "resolved": "https://registry.npmjs.org/prisma/-/prisma-2.18.0.tgz",
      "integrity": "sha512-03po/kFW3/oGHtnANgZiKYz22KEx6NpdaIP2r4eievmVam9f2+0PdP4x/KSFdMCT6B6VHh+3ILTi2z3bYosCgA==",
      "dev": true,
      "requires": {
        "@prisma/engines": "2.18.0-34.da6fafb57b24e0b61ca20960c64e2d41f9e8cff1"
      }
    }
  }
}
